# THIS IS AN AUTOGENERATED FILE. DO NOT EDIT THIS FILE DIRECTLY.
# yarn lockfile v1


"@mp/core@file:../core":
  version "1.0.0"
  resolved "file:../core"

"@types/hls.js@^0.12.5":
  version "0.12.6"
  resolved "https://registry.npmjs.org/@types/hls.js/-/hls.js-0.12.6.tgz"
  integrity sha512-WCyEefzkQwurOYREGL4vzS2ikXhPfwS2gl+29iB5mG9xEGG5ZunfTowcEBuMsYIjkEhEC7Agx66N76R+oUnpjw==

eventemitter3@3.1.0:
  version "3.1.0"
  resolved "https://registry.npmjs.org/eventemitter3/-/eventemitter3-3.1.0.tgz"
  integrity sha512-ivIvhpq/Y0uSjcHDcOIccjmYjGLcP09MFGE7ysAwkAvkXfpZlC985pH2/ui64DKazbTW/4kN3yqozUxlXzI6cA==

hls.js@^0.13.2:
  version "0.13.2"
  resolved "https://registry.npmjs.org/hls.js/-/hls.js-0.13.2.tgz"
  integrity sha512-sIg2t4uGpWQLzuK1Iid9614WOKqxj4OYg+EbFbhhTDCsxpENBN+Du3yBFnoi+a83DuOOHdiQd1ydnti9loSGXw==
  dependencies:
    eventemitter3 "3.1.0"
    url-toolkit "^2.1.6"

url-toolkit@^2.1.6:
  version "2.2.5"
  resolved "https://registry.npmjs.org/url-toolkit/-/url-toolkit-2.2.5.tgz"
  integrity sha512-mtN6xk+Nac+oyJ/PrI7tzfmomRVNFIWKUbG8jdYFt52hxbiReFAXIjYskvu64/dvuW71IcB7lV8l0HvZMac6Jg==
